
Microsoft Visual Studio Solution File, Format Version 12.00
# Visual Studio 14
VisualStudioVersion = 14.0.25123.0
MinimumVisualStudioVersion = 10.0.40219.1
Project("{FAE04EC0-301F-11D3-BF4B-00C04F79EFBC}") = "PlexBird", "PlexBird\PlexBird.csproj", "{62116CD6-658B-46CC-ACF9-6F9D41101804}"
EndProject
Project("{FAE04EC0-301F-11D3-BF4B-00C04F79EFBC}") = "PlexConnector", "PlexConnector\PlexConnector.csproj", "{4F43604E-061E-4727-AD28-D8DBF261D6D2}"
EndProject
Project("{FAE04EC0-301F-11D3-BF4B-00C04F79EFBC}") = "HBConnector", "HBConnector\HBConnector.csproj", "{8B7B1C6E-B525-488B-ABD6-B7E489A86485}"
EndProject
Global
	GlobalSection(SolutionConfigurationPlatforms) = preSolution
		Debug|Any CPU = Debug|Any CPU
		Release|Any CPU = Release|Any CPU
	EndGlobalSection
	GlobalSection(ProjectConfigurationPlatforms) = postSolution
		{62116CD6-658B-46CC-ACF9-6F9D41101804}.Debug|Any CPU.ActiveCfg = Debug|Any CPU
		{62116CD6-658B-46CC-ACF9-6F9D41101804}.Debug|Any CPU.Build.0 = Debug|Any CPU
		{62116CD6-658B-46CC-ACF9-6F9D41101804}.Release|Any CPU.ActiveCfg = Release|Any CPU
		{62116CD6-658B-46CC-ACF9-6F9D41101804}.Release|Any CPU.Build.0 = Release|Any CPU
		{4F43604E-061E-4727-AD28-D8DBF261D6D2}.Debug|Any CPU.ActiveCfg = Debug|Any CPU
		{4F43604E-061E-4727-AD28-D8DBF261D6D2}.Debug|Any CPU.Build.0 = Debug|Any CPU
		{4F43604E-061E-4727-AD28-D8DBF261D6D2}.Release|Any CPU.ActiveCfg = Release|Any CPU
		{4F43604E-061E-4727-AD28-D8DBF261D6D2}.Release|Any CPU.Build.0 = Release|Any CPU
		{8B7B1C6E-B525-488B-ABD6-B7E489A86485}.Debug|Any CPU.ActiveCfg = Debug|Any CPU
		{8B7B1C6E-B525-488B-ABD6-B7E489A86485}.Debug|Any CPU.Build.0 = Debug|Any CPU
		{8B7B1C6E-B525-488B-ABD6-B7E489A86485}.Release|Any CPU.ActiveCfg = Release|Any CPU
		{8B7B1C6E-B525-488B-ABD6-B7E489A86485}.Release|Any CPU.Build.0 = Release|Any CPU
	EndGlobalSection
	GlobalSection(SolutionProperties) = preSolution
		HideSolutionNode = FALSE
	EndGlobalSection
EndGlobal
